
Microsoft Visual Studio Solution File, Format Version 12.00
# Visual Studio Version 17
VisualStudioVersion = 17.0.31903.59
MinimumVisualStudioVersion = 10.0.40219.1
Project("{2150E333-8FDC-42A3-9474-1A3956D46DE8}") = "src", "src", "{827E0CD3-B72D-47B6-A68D-7590B98EB39B}"
EndProject
Project("{FAE04EC0-301F-11D3-BF4B-00C04F79EFBC}") = "MicFx.Mvc.Web", "src\MicFx.Mvc.Web\MicFx.Mvc.Web.csproj", "{D20567FE-FFE0-4FF1-9898-914281DEBE2F}"
EndProject
Project("{2150E333-8FDC-42A3-9474-1A3956D46DE8}") = "Modules", "Modules", "{EC447DCF-ABFA-6E24-52A5-D7FD48A5C558}"
EndProject
Project("{2150E333-8FDC-42A3-9474-1A3956D46DE8}") = "Core", "Core", "{8D626EA8-CB54-BC41-363A-217881BEBA6E}"
EndProject
Project("{FAE04EC0-301F-11D3-BF4B-00C04F79EFBC}") = "MicFx.Core.Abstractions", "src\Core\MicFx.Core.Abstractions\MicFx.Core.Abstractions.csproj", "{AB899390-25D1-409D-B9D7-94F72FCF31CE}"
EndProject
Project("{FAE04EC0-301F-11D3-BF4B-00C04F79EFBC}") = "MicFx.Core.SharedKernel", "src\Core\MicFx.Core.SharedKernel\MicFx.Core.SharedKernel.csproj", "{9EC852F8-6751-46C4-AADE-169833E8E9FE}"
EndProject
Project("{FAE04EC0-301F-11D3-BF4B-00C04F79EFBC}") = "MicFx.Module.HelloWorld", "src\Modules\MicFx.Module.HelloWorld\MicFx.Module.HelloWorld.csproj", "{BDDD6D17-BDD4-4721-BB01-9DAD27E6039F}"
EndProject
Global
	GlobalSection(SolutionConfigurationPlatforms) = preSolution
		Debug|Any CPU = Debug|Any CPU
		Debug|x64 = Debug|x64
		Debug|x86 = Debug|x86
		Release|Any CPU = Release|Any CPU
		Release|x64 = Release|x64
		Release|x86 = Release|x86
	EndGlobalSection
	GlobalSection(ProjectConfigurationPlatforms) = postSolution
		{D20567FE-FFE0-4FF1-9898-914281DEBE2F}.Debug|Any CPU.ActiveCfg = Debug|Any CPU
		{D20567FE-FFE0-4FF1-9898-914281DEBE2F}.Debug|Any CPU.Build.0 = Debug|Any CPU
		{D20567FE-FFE0-4FF1-9898-914281DEBE2F}.Debug|x64.ActiveCfg = Debug|Any CPU
		{D20567FE-FFE0-4FF1-9898-914281DEBE2F}.Debug|x64.Build.0 = Debug|Any CPU
		{D20567FE-FFE0-4FF1-9898-914281DEBE2F}.Debug|x86.ActiveCfg = Debug|Any CPU
		{D20567FE-FFE0-4FF1-9898-914281DEBE2F}.Debug|x86.Build.0 = Debug|Any CPU
		{D20567FE-FFE0-4FF1-9898-914281DEBE2F}.Release|Any CPU.ActiveCfg = Release|Any CPU
		{D20567FE-FFE0-4FF1-9898-914281DEBE2F}.Release|Any CPU.Build.0 = Release|Any CPU
		{D20567FE-FFE0-4FF1-9898-914281DEBE2F}.Release|x64.ActiveCfg = Release|Any CPU
		{D20567FE-FFE0-4FF1-9898-914281DEBE2F}.Release|x64.Build.0 = Release|Any CPU
		{D20567FE-FFE0-4FF1-9898-914281DEBE2F}.Release|x86.ActiveCfg = Release|Any CPU
		{D20567FE-FFE0-4FF1-9898-914281DEBE2F}.Release|x86.Build.0 = Release|Any CPU
		{1D1695E8-EE29-4D63-9388-A0C6B59A047D}.Debug|Any CPU.ActiveCfg = Debug|Any CPU
		{1D1695E8-EE29-4D63-9388-A0C6B59A047D}.Debug|Any CPU.Build.0 = Debug|Any CPU
		{1D1695E8-EE29-4D63-9388-A0C6B59A047D}.Debug|x64.ActiveCfg = Debug|Any CPU
		{1D1695E8-EE29-4D63-9388-A0C6B59A047D}.Debug|x64.Build.0 = Debug|Any CPU
		{1D1695E8-EE29-4D63-9388-A0C6B59A047D}.Debug|x86.ActiveCfg = Debug|Any CPU
		{1D1695E8-EE29-4D63-9388-A0C6B59A047D}.Debug|x86.Build.0 = Debug|Any CPU
		{1D1695E8-EE29-4D63-9388-A0C6B59A047D}.Release|Any CPU.ActiveCfg = Release|Any CPU
		{1D1695E8-EE29-4D63-9388-A0C6B59A047D}.Release|Any CPU.Build.0 = Release|Any CPU
		{1D1695E8-EE29-4D63-9388-A0C6B59A047D}.Release|x64.ActiveCfg = Release|Any CPU
		{1D1695E8-EE29-4D63-9388-A0C6B59A047D}.Release|x64.Build.0 = Release|Any CPU
		{1D1695E8-EE29-4D63-9388-A0C6B59A047D}.Release|x86.ActiveCfg = Release|Any CPU
		{1D1695E8-EE29-4D63-9388-A0C6B59A047D}.Release|x86.Build.0 = Release|Any CPU
		{FD6567DA-EF49-42C0-877B-0B0313C0EA9A}.Debug|Any CPU.ActiveCfg = Debug|Any CPU
		{FD6567DA-EF49-42C0-877B-0B0313C0EA9A}.Debug|Any CPU.Build.0 = Debug|Any CPU
		{FD6567DA-EF49-42C0-877B-0B0313C0EA9A}.Debug|x64.ActiveCfg = Debug|Any CPU
		{FD6567DA-EF49-42C0-877B-0B0313C0EA9A}.Debug|x64.Build.0 = Debug|Any CPU
		{FD6567DA-EF49-42C0-877B-0B0313C0EA9A}.Debug|x86.ActiveCfg = Debug|Any CPU
		{FD6567DA-EF49-42C0-877B-0B0313C0EA9A}.Debug|x86.Build.0 = Debug|Any CPU
		{FD6567DA-EF49-42C0-877B-0B0313C0EA9A}.Release|Any CPU.ActiveCfg = Release|Any CPU
		{FD6567DA-EF49-42C0-877B-0B0313C0EA9A}.Release|Any CPU.Build.0 = Release|Any CPU
		{FD6567DA-EF49-42C0-877B-0B0313C0EA9A}.Release|x64.ActiveCfg = Release|Any CPU
		{FD6567DA-EF49-42C0-877B-0B0313C0EA9A}.Release|x64.Build.0 = Release|Any CPU
		{FD6567DA-EF49-42C0-877B-0B0313C0EA9A}.Release|x86.ActiveCfg = Release|Any CPU
		{FD6567DA-EF49-42C0-877B-0B0313C0EA9A}.Release|x86.Build.0 = Release|Any CPU
		{AB899390-25D1-409D-B9D7-94F72FCF31CE}.Debug|Any CPU.ActiveCfg = Debug|Any CPU
		{AB899390-25D1-409D-B9D7-94F72FCF31CE}.Debug|Any CPU.Build.0 = Debug|Any CPU
		{AB899390-25D1-409D-B9D7-94F72FCF31CE}.Debug|x64.ActiveCfg = Debug|Any CPU
		{AB899390-25D1-409D-B9D7-94F72FCF31CE}.Debug|x64.Build.0 = Debug|Any CPU
		{AB899390-25D1-409D-B9D7-94F72FCF31CE}.Debug|x86.ActiveCfg = Debug|Any CPU
		{AB899390-25D1-409D-B9D7-94F72FCF31CE}.Debug|x86.Build.0 = Debug|Any CPU
		{AB899390-25D1-409D-B9D7-94F72FCF31CE}.Release|Any CPU.ActiveCfg = Release|Any CPU
		{AB899390-25D1-409D-B9D7-94F72FCF31CE}.Release|Any CPU.Build.0 = Release|Any CPU
		{AB899390-25D1-409D-B9D7-94F72FCF31CE}.Release|x64.ActiveCfg = Release|Any CPU
		{AB899390-25D1-409D-B9D7-94F72FCF31CE}.Release|x64.Build.0 = Release|Any CPU
		{AB899390-25D1-409D-B9D7-94F72FCF31CE}.Release|x86.ActiveCfg = Release|Any CPU
		{AB899390-25D1-409D-B9D7-94F72FCF31CE}.Release|x86.Build.0 = Release|Any CPU
		{9EC852F8-6751-46C4-AADE-169833E8E9FE}.Debug|Any CPU.ActiveCfg = Debug|Any CPU
		{9EC852F8-6751-46C4-AADE-169833E8E9FE}.Debug|Any CPU.Build.0 = Debug|Any CPU
		{9EC852F8-6751-46C4-AADE-169833E8E9FE}.Debug|x64.ActiveCfg = Debug|Any CPU
		{9EC852F8-6751-46C4-AADE-169833E8E9FE}.Debug|x64.Build.0 = Debug|Any CPU
		{9EC852F8-6751-46C4-AADE-169833E8E9FE}.Debug|x86.ActiveCfg = Debug|Any CPU
		{9EC852F8-6751-46C4-AADE-169833E8E9FE}.Debug|x86.Build.0 = Debug|Any CPU
		{9EC852F8-6751-46C4-AADE-169833E8E9FE}.Release|Any CPU.ActiveCfg = Release|Any CPU
		{9EC852F8-6751-46C4-AADE-169833E8E9FE}.Release|Any CPU.Build.0 = Release|Any CPU
		{9EC852F8-6751-46C4-AADE-169833E8E9FE}.Release|x64.ActiveCfg = Release|Any CPU
		{9EC852F8-6751-46C4-AADE-169833E8E9FE}.Release|x64.Build.0 = Release|Any CPU
		{9EC852F8-6751-46C4-AADE-169833E8E9FE}.Release|x86.ActiveCfg = Release|Any CPU
		{9EC852F8-6751-46C4-AADE-169833E8E9FE}.Release|x86.Build.0 = Release|Any CPU
		{BDDD6D17-BDD4-4721-BB01-9DAD27E6039F}.Debug|Any CPU.ActiveCfg = Debug|Any CPU
		{BDDD6D17-BDD4-4721-BB01-9DAD27E6039F}.Debug|Any CPU.Build.0 = Debug|Any CPU
		{BDDD6D17-BDD4-4721-BB01-9DAD27E6039F}.Debug|x64.ActiveCfg = Debug|Any CPU
		{BDDD6D17-BDD4-4721-BB01-9DAD27E6039F}.Debug|x64.Build.0 = Debug|Any CPU
		{BDDD6D17-BDD4-4721-BB01-9DAD27E6039F}.Debug|x86.ActiveCfg = Debug|Any CPU
		{BDDD6D17-BDD4-4721-BB01-9DAD27E6039F}.Debug|x86.Build.0 = Debug|Any CPU
		{BDDD6D17-BDD4-4721-BB01-9DAD27E6039F}.Release|Any CPU.ActiveCfg = Release|Any CPU
		{BDDD6D17-BDD4-4721-BB01-9DAD27E6039F}.Release|Any CPU.Build.0 = Release|Any CPU
		{BDDD6D17-BDD4-4721-BB01-9DAD27E6039F}.Release|x64.ActiveCfg = Release|Any CPU
		{BDDD6D17-BDD4-4721-BB01-9DAD27E6039F}.Release|x64.Build.0 = Release|Any CPU
		{BDDD6D17-BDD4-4721-BB01-9DAD27E6039F}.Release|x86.ActiveCfg = Release|Any CPU
		{BDDD6D17-BDD4-4721-BB01-9DAD27E6039F}.Release|x86.Build.0 = Release|Any CPU
	EndGlobalSection
	GlobalSection(SolutionProperties) = preSolution
		HideSolutionNode = FALSE
	EndGlobalSection
	GlobalSection(NestedProjects) = preSolution
		{D20567FE-FFE0-4FF1-9898-914281DEBE2F} = {827E0CD3-B72D-47B6-A68D-7590B98EB39B}
		{EC447DCF-ABFA-6E24-52A5-D7FD48A5C558} = {827E0CD3-B72D-47B6-A68D-7590B98EB39B}
		{8D626EA8-CB54-BC41-363A-217881BEBA6E} = {827E0CD3-B72D-47B6-A68D-7590B98EB39B}
		{AB899390-25D1-409D-B9D7-94F72FCF31CE} = {8D626EA8-CB54-BC41-363A-217881BEBA6E}
		{9EC852F8-6751-46C4-AADE-169833E8E9FE} = {8D626EA8-CB54-BC41-363A-217881BEBA6E}
		{BDDD6D17-BDD4-4721-BB01-9DAD27E6039F} = {EC447DCF-ABFA-6E24-52A5-D7FD48A5C558}
	EndGlobalSection
EndGlobal
