Microsoft Visual Studio Solution File, Format Version 12.00
# Visual Studio Version 17
VisualStudioVersion = 17.5.2.0
MinimumVisualStudioVersion = 10.0.40219.1
Project("{FAE04EC0-301F-11D3-BF4B-00C04F79EFBC}") = "MicFx.Mvc.Web", "MicFx.Mvc.Web.csproj", "{87E8AC9D-35B5-59BB-CAE2-89EE7392DA31}"
EndProject
Global
	GlobalSection(SolutionConfigurationPlatforms) = preSolution
		Debug|Any CPU = Debug|Any CPU
		Release|Any CPU = Release|Any CPU
	EndGlobalSection
	GlobalSection(ProjectConfigurationPlatforms) = postSolution
		{87E8AC9D-35B5-59BB-CAE2-89EE7392DA31}.Debug|Any CPU.ActiveCfg = Debug|Any CPU
		{87E8AC9D-35B5-59BB-CAE2-89EE7392DA31}.Debug|Any CPU.Build.0 = Debug|Any CPU
		{87E8AC9D-35B5-59BB-CAE2-89EE7392DA31}.Release|Any CPU.ActiveCfg = Release|Any CPU
		{87E8AC9D-35B5-59BB-CAE2-89EE7392DA31}.Release|Any CPU.Build.0 = Release|Any CPU
	EndGlobalSection
	GlobalSection(SolutionProperties) = preSolution
		HideSolutionNode = FALSE
	EndGlobalSection
	GlobalSection(ExtensibilityGlobals) = postSolution
		SolutionGuid = {104A6B21-644F-4680-BFE5-A0CB768A59C6}
	EndGlobalSection
EndGlobal
